{
  "originHash" : "c23f30057b7fb7814fc6aaa4e08197d6b7a062adf6a5517fe5742a30c99e7941",
  "pins" : [
    {
      "identity" : "cocoamqtt",
      "kind" : "remoteSourceControl",
      "location" : "https://github.com/emqx/CocoaMQTT.git",
      "state" : {
        "revision" : "79512e5237bff0a3914a13a82b15d053783d4ed1",
        "version" : "2.1.0"
      }
    },
    {
      "identity" : "mqttcocoaasyncsocket",
      "kind" : "remoteSourceControl",
      "location" : "https://github.com/leeway1208/MqttCocoaAsyncSocket",
      "state" : {
        "revision" : "ce3e18607fd01079495f86ff6195d8a3ca469f73",
        "version" : "1.0.8"
      }
    },
    {
      "identity" : "starscream",
      "kind" : "remoteSourceControl",
      "location" : "https://github.com/daltoniam/Starscream.git",
      "state" : {
        "revision" : "a063fda2b8145a231953c20e7a646be254365396",
        "version" : "3.1.2"
      }
    }
  ],
  "version" : 3
}
